
Microsoft Visual Studio Solution File, Format Version 11.00
# Visual Studio 2010
Project("{FAE04EC0-301F-11D3-BF4B-00C04F79EFBC}") = "app", "app\app.csproj", "{35B8B8BB-D98C-46E2-A704-26F49D37EFA9}"
EndProject
Project("{FAE04EC0-301F-11D3-BF4B-00C04F79EFBC}") = "app.Tests", "app.Tests\app.Tests.csproj", "{32A171E8-990D-4B98-8D1C-30B64ACAB442}"
EndProject
Global
	GlobalSection(SolutionConfigurationPlatforms) = preSolution
		Debug|Any CPU = Debug|Any CPU
		Release|Any CPU = Release|Any CPU
	EndGlobalSection
	GlobalSection(ProjectConfigurationPlatforms) = postSolution
		{35B8B8BB-D98C-46E2-A704-26F49D37EFA9}.Debug|Any CPU.ActiveCfg = Debug|Any CPU
		{35B8B8BB-D98C-46E2-A704-26F49D37EFA9}.Debug|Any CPU.Build.0 = Debug|Any CPU
		{35B8B8BB-D98C-46E2-A704-26F49D37EFA9}.Release|Any CPU.ActiveCfg = Release|Any CPU
		{35B8B8BB-D98C-46E2-A704-26F49D37EFA9}.Release|Any CPU.Build.0 = Release|Any CPU
		{32A171E8-990D-4B98-8D1C-30B64ACAB442}.Debug|Any CPU.ActiveCfg = Debug|Any CPU
		{32A171E8-990D-4B98-8D1C-30B64ACAB442}.Debug|Any CPU.Build.0 = Debug|Any CPU
		{32A171E8-990D-4B98-8D1C-30B64ACAB442}.Release|Any CPU.ActiveCfg = Release|Any CPU
		{32A171E8-990D-4B98-8D1C-30B64ACAB442}.Release|Any CPU.Build.0 = Release|Any CPU
	EndGlobalSection
	GlobalSection(SolutionProperties) = preSolution
		HideSolutionNode = FALSE
	EndGlobalSection
EndGlobal
